lockfileVersion: '6.0'

settings:
  autoInstallPeers: true
  excludeLinksFromLockfile: false

dependencies:
  mitata:
    specifier: ^0.1.6
    version: 0.1.6
  typescript:
    specifier: ^5.0.0
    version: 5.0.2

devDependencies:
  bun-types:
    specifier: latest
    version: 1.0.5-canary.20231006T140143

packages:

  /bun-types@1.0.5-canary.20231006T140143:
    resolution: {integrity: sha512-nzjkztC0JLqmcZoTrMZ5W3OvRdRtd82KIIdU4fVBYNK30d4KXFWCFWvd/XYfSb4UT3iJw8BnpkFXcXIrzVVzbA==}
    dev: true

  /mitata@0.1.6:
    resolution: {integrity: sha512-VKQ0r3jriTOU9E2Z+mwbZrUmbg4Li4QyFfi7kfHKl6reZhGzL0AYlu3wE0VPXzIwA5xnFzmEQoBwCcNT8stUkA==}
    dev: false

  /typescript@5.0.2:
    resolution: {integrity: sha512-wVORMBGO/FAs/++blGNeAVdbNKtIh1rbBL2EyQ1+J9lClJ93KiiKe8PmFIVdXhHcyv44SL9oglmfeSsndo0jRw==}
    engines: {node: '>=12.20'}
    hasBin: true
    dev: false
